
Microsoft Visual Studio Solution File, Format Version 12.00
# Visual Studio Version 17
VisualStudioVersion = 17.3.32929.385
MinimumVisualStudioVersion = 10.0.40219.1
Project("{FAE04EC0-301F-11D3-BF4B-00C04F79EFBC}") = "DCoreForRepo", "DCoreForRepo\DCoreForRepo.csproj", "{0169D548-9B6C-49EA-8182-AB4B0D325000}"
EndProject
Global
	GlobalSection(SolutionConfigurationPlatforms) = preSolution
		Debug|Any CPU = Debug|Any CPU
		Release|Any CPU = Release|Any CPU
	EndGlobalSection
	GlobalSection(ProjectConfigurationPlatforms) = postSolution
		{0169D548-9B6C-49EA-8182-AB4B0D325000}.Debug|Any CPU.ActiveCfg = Debug|Any CPU
		{0169D548-9B6C-49EA-8182-AB4B0D325000}.Debug|Any CPU.Build.0 = Debug|Any CPU
		{0169D548-9B6C-49EA-8182-AB4B0D325000}.Release|Any CPU.ActiveCfg = Release|Any CPU
		{0169D548-9B6C-49EA-8182-AB4B0D325000}.Release|Any CPU.Build.0 = Release|Any CPU
	EndGlobalSection
	GlobalSection(SolutionProperties) = preSolution
		HideSolutionNode = FALSE
	EndGlobalSection
	GlobalSection(ExtensibilityGlobals) = postSolution
		SolutionGuid = {2317FADC-550C-4088-A5F0-3080122DB2B8}
	EndGlobalSection
EndGlobal
